
Microsoft Visual Studio Solution File, Format Version 12.00
# Visual Studio Version 17
VisualStudioVersion = 17.7.34031.279
MinimumVisualStudioVersion = 10.0.40219.1
Project("{FAE04EC0-301F-11D3-BF4B-00C04F79EFBC}") = "Lesson4_Exercise4", "Lesson4_Exercise4\Lesson4_Exercise4.csproj", "{D0B7FCFA-2E9A-4456-837A-25C0E03D1815}"
EndProject
Global
	GlobalSection(SolutionConfigurationPlatforms) = preSolution
		Debug|Any CPU = Debug|Any CPU
		Release|Any CPU = Release|Any CPU
	EndGlobalSection
	GlobalSection(ProjectConfigurationPlatforms) = postSolution
		{D0B7FCFA-2E9A-4456-837A-25C0E03D1815}.Debug|Any CPU.ActiveCfg = Debug|Any CPU
		{D0B7FCFA-2E9A-4456-837A-25C0E03D1815}.Debug|Any CPU.Build.0 = Debug|Any CPU
		{D0B7FCFA-2E9A-4456-837A-25C0E03D1815}.Release|Any CPU.ActiveCfg = Release|Any CPU
		{D0B7FCFA-2E9A-4456-837A-25C0E03D1815}.Release|Any CPU.Build.0 = Release|Any CPU
	EndGlobalSection
	GlobalSection(SolutionProperties) = preSolution
		HideSolutionNode = FALSE
	EndGlobalSection
	GlobalSection(ExtensibilityGlobals) = postSolution
		SolutionGuid = {132A99D0-F164-412B-8916-686A5BA480F4}
	EndGlobalSection
EndGlobal
