
Microsoft Visual Studio Solution File, Format Version 12.00
# Visual Studio Version 17
VisualStudioVersion = 17.7.34031.279
MinimumVisualStudioVersion = 10.0.40219.1
Project("{FAE04EC0-301F-11D3-BF4B-00C04F79EFBC}") = "Exercise5.1", "Exercise5.1\Exercise5.1.csproj", "{B850B136-F974-4A87-B092-F104162D117D}"
EndProject
Global
	GlobalSection(SolutionConfigurationPlatforms) = preSolution
		Debug|Any CPU = Debug|Any CPU
		Release|Any CPU = Release|Any CPU
	EndGlobalSection
	GlobalSection(ProjectConfigurationPlatforms) = postSolution
		{B850B136-F974-4A87-B092-F104162D117D}.Debug|Any CPU.ActiveCfg = Debug|Any CPU
		{B850B136-F974-4A87-B092-F104162D117D}.Debug|Any CPU.Build.0 = Debug|Any CPU
		{B850B136-F974-4A87-B092-F104162D117D}.Release|Any CPU.ActiveCfg = Release|Any CPU
		{B850B136-F974-4A87-B092-F104162D117D}.Release|Any CPU.Build.0 = Release|Any CPU
	EndGlobalSection
	GlobalSection(SolutionProperties) = preSolution
		HideSolutionNode = FALSE
	EndGlobalSection
	GlobalSection(ExtensibilityGlobals) = postSolution
		SolutionGuid = {6ED2D488-AD38-45CE-8F53-AEE18C7583B0}
	EndGlobalSection
EndGlobal
